// !$*UTF8*$!
{
	archiveVersion = 1;
	classes = {
	};
	objectVersion = 46;
	objects = {

/* Begin PBXBuildFile section */
		BCFF6A781C6D8AEE00C8A823 /* AppDelegate.swift in Sources */ = {isa = PBXBuildFile; fileRef = BCFF6A771C6D8AEE00C8A823 /* AppDelegate.swift */; };
		BCFF6A7A1C6D8AEE00C8A823 /* ViewController.swift in Sources */ = {isa = PBXBuildFile; fileRef = BCFF6A791C6D8AEE00C8A823 /* ViewController.swift */; };
		BCFF6A7D1C6D8AEE00C8A823 /* Main.storyboard in Resources */ = {isa = PBXBuildFile; fileRef = BCFF6A7B1C6D8AEE00C8A823 /* Main.storyboard */; };
		BCFF6A7F1C6D8AEE00C8A823 /* Assets.xcassets in Resources */ = {isa = PBXBuildFile; fileRef = BCFF6A7E1C6D8AEE00C8A823 /* Assets.xcassets */; };
		BCFF6A821C6D8AEE00C8A823 /* LaunchScreen.storyboard in Resources */ = {isa = PBXBuildFile; fileRef = BCFF6A801C6D8AEE00C8A823 /* LaunchScreen.storyboard */; };
		BCFF6A8D1C6D8AEE00C8A823 /* SignUpTests.swift in Sources */ = {isa = PBXBuildFile; fileRef = BCFF6A8C1C6D8AEE00C8A823 /* SignUpTests.swift */; };
		BCFF6A981C6D8AEE00C8A823 /* SignUpUITests.swift in Sources */ = {isa = PBXBuildFile; fileRef = BCFF6A971C6D8AEE00C8A823 /* SignUpUITests.swift */; };
/* End PBXBuildFile section */

/* Begin PBXContainerItemProxy section */
		BCFF6A891C6D8AEE00C8A823 /* PBXContainerItemProxy */ = {
			isa = PBXContainerItemProxy;
			containerPortal = BCFF6A6C1C6D8AEE00C8A823 /* Project object */;
			proxyType = 1;
			remoteGlobalIDString = BCFF6A731C6D8AEE00C8A823;
			remoteInfo = SignUp;
		};
		BCFF6A941C6D8AEE00C8A823 /* PBXContainerItemProxy */ = {
			isa = PBXContainerItemProxy;
			containerPortal = BCFF6A6C1C6D8AEE00C8A823 /* Project object */;
			proxyType = 1;
			remoteGlobalIDString = BCFF6A731C6D8AEE00C8A823;
			remoteInfo = SignUp;
		};
/* End PBXContainerItemProxy section */

/* Begin PBXFileReference section */
		BCFF6A741C6D8AEE00C8A823 /* SignUp.app */ = {isa = PBXFileReference; explicitFileType = wrapper.application; includeInIndex = 0; path = SignUp.app; sourceTree = BUILT_PRODUCTS_DIR; };
		BCFF6A771C6D8AEE00C8A823 /* AppDelegate.swift */ = {isa = PBXFileReference; lastKnownFileType = sourcecode.swift; path = AppDelegate.swift; sourceTree = "<group>"; };
		BCFF6A791C6D8AEE00C8A823 /* ViewController.swift */ = {isa = PBXFileReference; lastKnownFileType = sourcecode.swift; path = ViewController.swift; sourceTree = "<group>"; };
		BCFF6A7C1C6D8AEE00C8A823 /* Base */ = {isa = PBXFileReference; lastKnownFileType = file.storyboard; name = Base; path = Base.lproj/Main.storyboard; sourceTree = "<group>"; };
		BCFF6A7E1C6D8AEE00C8A823 /* Assets.xcassets */ = {isa = PBXFileReference; lastKnownFileType = folder.assetcatalog; path = Assets.xcassets; sourceTree = "<group>"; };
		BCFF6A811C6D8AEE00C8A823 /* Base */ = {isa = PBXFileReference; lastKnownFileType = file.storyboard; name = Base; path = Base.lproj/LaunchScreen.storyboard; sourceTree = "<group>"; };
		BCFF6A831C6D8AEE00C8A823 /* Info.plist */ = {isa = PBXFileReference; lastKnownFileType = text.plist.xml; path = Info.plist; sourceTree = "<group>"; };
		BCFF6A881C6D8AEE00C8A823 /* SignUpTests.xctest */ = {isa = PBXFileReference; explicitFileType = wrapper.cfbundle; includeInIndex = 0; path = SignUpTests.xctest; sourceTree = BUILT_PRODUCTS_DIR; };
		BCFF6A8C1C6D8AEE00C8A823 /* SignUpTests.swift */ = {isa = PBXFileReference; lastKnownFileType = sourcecode.swift; path = SignUpTests.swift; sourceTree = "<group>"; };
		BCFF6A8E1C6D8AEE00C8A823 /* Info.plist */ = {isa = PBXFileReference; lastKnownFileType = text.plist.xml; path = Info.plist; sourceTree = "<group>"; };
		BCFF6A931C6D8AEE00C8A823 /* SignUpUITests.xctest */ = {isa = PBXFileReference; explicitFileType = wrapper.cfbundle; includeInIndex = 0; path = SignUpUITests.xctest; sourceTree = BUILT_PRODUCTS_DIR; };
		BCFF6A971C6D8AEE00C8A823 /* SignUpUITests.swift */ = {isa = PBXFileReference; lastKnownFileType = sourcecode.swift; path = SignUpUITests.swift; sourceTree = "<group>"; };
		BCFF6A991C6D8AEE00C8A823 /* Info.plist */ = {isa = PBXFileReference; lastKnownFileType = text.plist.xml; path = Info.plist; sourceTree = "<group>"; };
/* End PBXFileReference section */

/* Begin PBXFrameworksBuildPhase section */
		BCFF6A711C6D8AEE00C8A823 /* Frameworks */ = {
			isa = PBXFrameworksBuildPhase;
			buildActionMask = 2147483647;
			files = (
			);
			runOnlyForDeploymentPostprocessing = 0;
		};
		BCFF6A851C6D8AEE00C8A823 /* Frameworks */ = {
			isa = PBXFrameworksBuildPhase;
			buildActionMask = 2147483647;
			files = (
			);
			runOnlyForDeploymentPostprocessing = 0;
		};
		BCFF6A901C6D8AEE00C8A823 /* Frameworks */ = {
			isa = PBXFrameworksBuildPhase;
			buildActionMask = 2147483647;
			files = (
			);
			runOnlyForDeploymentPostprocessing = 0;
		};
/* End PBXFrameworksBuildPhase section */

/* Begin PBXGroup section */
		BCFF6A6B1C6D8AEE00C8A823 = {
			isa = PBXGroup;
			children = (
				BCFF6A761C6D8AEE00C8A823 /* SignUp */,
				BCFF6A8B1C6D8AEE00C8A823 /* SignUpTests */,
				BCFF6A961C6D8AEE00C8A823 /* SignUpUITests */,
				BCFF6A751C6D8AEE00C8A823 /* Products */,
			);
			sourceTree = "<group>";
		};
		BCFF6A751C6D8AEE00C8A823 /* Products */ = {
			isa = PBXGroup;
			children = (
				BCFF6A741C6D8AEE00C8A823 /* SignUp.app */,
				BCFF6A881C6D8AEE00C8A823 /* SignUpTests.xctest */,
				BCFF6A931C6D8AEE00C8A823 /* SignUpUITests.xctest */,
			);
			name = Products;
			sourceTree = "<group>";
		};
		BCFF6A761C6D8AEE00C8A823 /* SignUp */ = {
			isa = PBXGroup;
			children = (
				BCFF6A771C6D8AEE00C8A823 /* AppDelegate.swift */,
				BCFF6A791C6D8AEE00C8A823 /* ViewController.swift */,
				BCFF6A7B1C6D8AEE00C8A823 /* Main.storyboard */,
				BCFF6A7E1C6D8AEE00C8A823 /* Assets.xcassets */,
				BCFF6A801C6D8AEE00C8A823 /* LaunchScreen.storyboard */,
				BCFF6A831C6D8AEE00C8A823 /* Info.plist */,
			);
			path = SignUp;
			sourceTree = "<group>";
		};
		BCFF6A8B1C6D8AEE00C8A823 /* SignUpTests */ = {
			isa = PBXGroup;
			children = (
				BCFF6A8C1C6D8AEE00C8A823 /* SignUpTests.swift */,
				BCFF6A8E1C6D8AEE00C8A823 /* Info.plist */,
			);
			path = SignUpTests;
			sourceTree = "<group>";
		};
		BCFF6A961C6D8AEE00C8A823 /* SignUpUITests */ = {
			isa = PBXGroup;
			children = (
				BCFF6A971C6D8AEE00C8A823 /* SignUpUITests.swift */,
				BCFF6A991C6D8AEE00C8A823 /* Info.plist */,
			);
			path = SignUpUITests;
			sourceTree = "<group>";
		};
/* End PBXGroup section */

/* Begin PBXNativeTarget section */
		BCFF6A731C6D8AEE00C8A823 /* SignUp */ = {
			isa = PBXNativeTarget;
			buildConfigurationList = BCFF6A9C1C6D8AEE00C8A823 /* Build configuration list for PBXNativeTarget "SignUp" */;
			buildPhases = (
				BCFF6A701C6D8AEE00C8A823 /* Sources */,
				BCFF6A711C6D8AEE00C8A823 /* Frameworks */,
				BCFF6A721C6D8AEE00C8A823 /* Resources */,
			);
			buildRules = (
			);
			dependencies = (
			);
			name = SignUp;
			productName = SignUp;
			productReference = BCFF6A741C6D8AEE00C8A823 /* SignUp.app */;
			productType = "com.apple.product-type.application";
		};
		BCFF6A871C6D8AEE00C8A823 /* SignUpTests */ = {
			isa = PBXNativeTarget;
			buildConfigurationList = BCFF6A9F1C6D8AEE00C8A823 /* Build configuration list for PBXNativeTarget "SignUpTests" */;
			buildPhases = (
				BCFF6A841C6D8AEE00C8A823 /* Sources */,
				BCFF6A851C6D8AEE00C8A823 /* Frameworks */,
				BCFF6A861C6D8AEE00C8A823 /* Resources */,
			);
			buildRules = (
			);
			dependencies = (
				BCFF6A8A1C6D8AEE00C8A823 /* PBXTargetDependency */,
			);
			name = SignUpTests;
			productName = SignUpTests;
			productReference = BCFF6A881C6D8AEE00C8A823 /* SignUpTests.xctest */;
			productType = "com.apple.product-type.bundle.unit-test";
		};
		BCFF6A921C6D8AEE00C8A823 /* SignUpUITests */ = {
			isa = PBXNativeTarget;
			buildConfigurationList = BCFF6AA21C6D8AEE00C8A823 /* Build configuration list for PBXNativeTarget "SignUpUITests" */;
			buildPhases = (
				BCFF6A8F1C6D8AEE00C8A823 /* Sources */,
				BCFF6A901C6D8AEE00C8A823 /* Frameworks */,
				BCFF6A911C6D8AEE00C8A823 /* Resources */,
			);
			buildRules = (
			);
			dependencies = (
				BCFF6A951C6D8AEE00C8A823 /* PBXTargetDependency */,
			);
			name = SignUpUITests;
			productName = SignUpUITests;
			productReference = BCFF6A931C6D8AEE00C8A823 /* SignUpUITests.xctest */;
			productType = "com.apple.product-type.bundle.ui-testing";
		};
/* End PBXNativeTarget section */

/* Begin PBXProject section */
		BCFF6A6C1C6D8AEE00C8A823 /* Project object */ = {
			isa = PBXProject;
			attributes = {
				LastSwiftUpdateCheck = 0720;
				LastUpgradeCheck = 0720;
				ORGANIZATIONNAME = ccsf;
				TargetAttributes = {
					BCFF6A731C6D8AEE00C8A823 = {
						CreatedOnToolsVersion = 7.2;
						DevelopmentTeam = SYQ6ZF8P7Y;
					};
					BCFF6A871C6D8AEE00C8A823 = {
						CreatedOnToolsVersion = 7.2;
						DevelopmentTeam = SYQ6ZF8P7Y;
						TestTargetID = BCFF6A731C6D8AEE00C8A823;
					};
					BCFF6A921C6D8AEE00C8A823 = {
						CreatedOnToolsVersion = 7.2;
						DevelopmentTeam = SYQ6ZF8P7Y;
						TestTargetID = BCFF6A731C6D8AEE00C8A823;
					};
				};
			};
			buildConfigurationList = BCFF6A6F1C6D8AEE00C8A823 /* Build configuration list for PBXProject "SignUp" */;
			compatibilityVersion = "Xcode 3.2";
			developmentRegion = English;
			hasScannedForEncodings = 0;
			knownRegions = (
				en,
				Base,
			);
			mainGroup = BCFF6A6B1C6D8AEE00C8A823;
			productRefGroup = BCFF6A751C6D8AEE00C8A823 /* Products */;
			projectDirPath = "";
			projectRoot = "";
			targets = (
				BCFF6A731C6D8AEE00C8A823 /* SignUp */,
				BCFF6A871C6D8AEE00C8A823 /* SignUpTests */,
				BCFF6A921C6D8AEE00C8A823 /* SignUpUITests */,
			);
		};
/* End PBXProject section */

/* Begin PBXResourcesBuildPhase section */
		BCFF6A721C6D8AEE00C8A823 /* Resources */ = {
			isa = PBXResourcesBuildPhase;
			buildActionMask = 2147483647;
			files = (
				BCFF6A821C6D8AEE00C8A823 /* LaunchScreen.storyboard in Resources */,
				BCFF6A7F1C6D8AEE00C8A823 /* Assets.xcassets in Resources */,
				BCFF6A7D1C6D8AEE00C8A823 /* Main.storyboard in Resources */,
			);
			runOnlyForDeploymentPostprocessing = 0;
		};
		BCFF6A861C6D8AEE00C8A823 /* Resources */ = {
			isa = PBXResourcesBuildPhase;
			buildActionMask = 2147483647;
			files = (
			);
			runOnlyForDeploymentPostprocessing = 0;
		};
		BCFF6A911C6D8AEE00C8A823 /* Resources */ = {
			isa = PBXResourcesBuildPhase;
			buildActionMask = 2147483647;
			files = (
			);
			runOnlyForDeploymentPostprocessing = 0;
		};
/* End PBXResourcesBuildPhase section */

/* Begin PBXSourcesBuildPhase section */
		BCFF6A701C6D8AEE00C8A823 /* Sources */ = {
			isa = PBXSourcesBuildPhase;
			buildActionMask = 2147483647;
			files = (
				BCFF6A7A1C6D8AEE00C8A823 /* ViewController.swift in Sources */,
				BCFF6A781C6D8AEE00C8A823 /* AppDelegate.swift in Sources */,
			);
			runOnlyForDeploymentPostprocessing = 0;
		};
		BCFF6A841C6D8AEE00C8A823 /* Sources */ = {
			isa = PBXSourcesBuildPhase;
			buildActionMask = 2147483647;
			files = (
				BCFF6A8D1C6D8AEE00C8A823 /* SignUpTests.swift in Sources */,
			);
			runOnlyForDeploymentPostprocessing = 0;
		};
		BCFF6A8F1C6D8AEE00C8A823 /* Sources */ = {
			isa = PBXSourcesBuildPhase;
			buildActionMask = 2147483647;
			files = (
				BCFF6A981C6D8AEE00C8A823 /* SignUpUITests.swift in Sources */,
			);
			runOnlyForDeploymentPostprocessing = 0;
		};
/* End PBXSourcesBuildPhase section */

/* Begin PBXTargetDependency section */
		BCFF6A8A1C6D8AEE00C8A823 /* PBXTargetDependency */ = {
			isa = PBXTargetDependency;
			target = BCFF6A731C6D8AEE00C8A823 /* SignUp */;
			targetProxy = BCFF6A891C6D8AEE00C8A823 /* PBXContainerItemProxy */;
		};
		BCFF6A951C6D8AEE00C8A823 /* PBXTargetDependency */ = {
			isa = PBXTargetDependency;
			target = BCFF6A731C6D8AEE00C8A823 /* SignUp */;
			targetProxy = BCFF6A941C6D8AEE00C8A823 /* PBXContainerItemProxy */;
		};
/* End PBXTargetDependency section */

/* Begin PBXVariantGroup section */
		BCFF6A7B1C6D8AEE00C8A823 /* Main.storyboard */ = {
			isa = PBXVariantGroup;
			children = (
				BCFF6A7C1C6D8AEE00C8A823 /* Base */,
			);
			name = Main.storyboard;
			sourceTree = "<group>";
		};
		BCFF6A801C6D8AEE00C8A823 /* LaunchScreen.storyboard */ = {
			isa = PBXVariantGroup;
			children = (
				BCFF6A811C6D8AEE00C8A823 /* Base */,
			);
			name = LaunchScreen.storyboard;
			sourceTree = "<group>";
		};
/* End PBXVariantGroup section */

/* Begin XCBuildConfiguration section */
		BCFF6A9A1C6D8AEE00C8A823 /* Debug */ = {
			isa = XCBuildConfiguration;
			buildSettings = {
				ALWAYS_SEARCH_USER_PATHS = NO;
				CLANG_CXX_LANGUAGE_STANDARD = "gnu++0x";
				CLANG_CXX_LIBRARY = "libc++";
				CLANG_ENABLE_MODULES = YES;
				CLANG_ENABLE_OBJC_ARC = YES;
				CLANG_WARN_BOOL_CONVERSION = YES;
				CLANG_WARN_CONSTANT_CONVERSION = YES;
				CLANG_WARN_DIRECT_OBJC_ISA_USAGE = YES_ERROR;
				CLANG_WARN_EMPTY_BODY = YES;
				CLANG_WARN_ENUM_CONVERSION = YES;
				CLANG_WARN_INT_CONVERSION = YES;
				CLANG_WARN_OBJC_ROOT_CLASS = YES_ERROR;
				CLANG_WARN_UNREACHABLE_CODE = YES;
				CLANG_WARN__DUPLICATE_METHOD_MATCH = YES;
				"CODE_SIGN_IDENTITY[sdk=iphoneos*]" = "iPhone Developer";
				COPY_PHASE_STRIP = NO;
				DEBUG_INFORMATION_FORMAT = dwarf;
				ENABLE_STRICT_OBJC_MSGSEND = YES;
				ENABLE_TESTABILITY = YES;
				GCC_C_LANGUAGE_STANDARD = gnu99;
				GCC_DYNAMIC_NO_PIC = NO;
				GCC_NO_COMMON_BLOCKS = YES;
				GCC_OPTIMIZATION_LEVEL = 0;
				GCC_PREPROCESSOR_DEFINITIONS = (
					"DEBUG=1",
					"$(inherited)",
				);
				GCC_WARN_64_TO_32_BIT_CONVERSION = YES;
				GCC_WARN_ABOUT_RETURN_TYPE = YES_ERROR;
				GCC_WARN_UNDECLARED_SELECTOR = YES;
				GCC_WARN_UNINITIALIZED_AUTOS = YES_AGGRESSIVE;
				GCC_WARN_UNUSED_FUNCTION = YES;
				GCC_WARN_UNUSED_VARIABLE = YES;
				IPHONEOS_DEPLOYMENT_TARGET = 9.2;
				MTL_ENABLE_DEBUG_INFO = YES;
				ONLY_ACTIVE_ARCH = YES;
				SDKROOT = iphoneos;
				SWIFT_OPTIMIZATION_LEVEL = "-Onone";
			};
			name = Debug;
		};
		BCFF6A9B1C6D8AEE00C8A823 /* Release */ = {
			isa = XCBuildConfiguration;
			buildSettings = {
				ALWAYS_SEARCH_USER_PATHS = NO;
				CLANG_CXX_LANGUAGE_STANDARD = "gnu++0x";
				CLANG_CXX_LIBRARY = "libc++";
				CLANG_ENABLE_MODULES = YES;
				CLANG_ENABLE_OBJC_ARC = YES;
				CLANG_WARN_BOOL_CONVERSION = YES;
				CLANG_WARN_CONSTANT_CONVERSION = YES;
				CLANG_WARN_DIRECT_OBJC_ISA_USAGE = YES_ERROR;
				CLANG_WARN_EMPTY_BODY = YES;
				CLANG_WARN_ENUM_CONVERSION = YES;
				CLANG_WARN_INT_CONVERSION = YES;
				CLANG_WARN_OBJC_ROOT_CLASS = YES_ERROR;
				CLANG_WARN_UNREACHABLE_CODE = YES;
				CLANG_WARN__DUPLICATE_METHOD_MATCH = YES;
				"CODE_SIGN_IDENTITY[sdk=iphoneos*]" = "iPhone Developer";
				COPY_PHASE_STRIP = NO;
				DEBUG_INFORMATION_FORMAT = "dwarf-with-dsym";
				ENABLE_NS_ASSERTIONS = NO;
				ENABLE_STRICT_OBJC_MSGSEND = YES;
				GCC_C_LANGUAGE_STANDARD = gnu99;
				GCC_NO_COMMON_BLOCKS = YES;
				GCC_WARN_64_TO_32_BIT_CONVERSION = YES;
				GCC_WARN_ABOUT_RETURN_TYPE = YES_ERROR;
				GCC_WARN_UNDECLARED_SELECTOR = YES;
				GCC_WARN_UNINITIALIZED_AUTOS = YES_AGGRESSIVE;
				GCC_WARN_UNUSED_FUNCTION = YES;
				GCC_WARN_UNUSED_VARIABLE = YES;
				IPHONEOS_DEPLOYMENT_TARGET = 9.2;
				MTL_ENABLE_DEBUG_INFO = NO;
				SDKROOT = iphoneos;
				VALIDATE_PRODUCT = YES;
			};
			name = Release;
		};
		BCFF6A9D1C6D8AEE00C8A823 /* Debug */ = {
			isa = XCBuildConfiguration;
			buildSettings = {
				ASSETCATALOG_COMPILER_APPICON_NAME = AppIcon;
				INFOPLIST_FILE = SignUp/Info.plist;
				LD_RUNPATH_SEARCH_PATHS = "$(inherited) @executable_path/Frameworks";
				PRODUCT_BUNDLE_IDENTIFIER = edu.ccsf.SignUp;
				PRODUCT_NAME = "$(TARGET_NAME)";
			};
			name = Debug;
		};
		BCFF6A9E1C6D8AEE00C8A823 /* Release */ = {
			isa = XCBuildConfiguration;
			buildSettings = {
				ASSETCATALOG_COMPILER_APPICON_NAME = AppIcon;
				INFOPLIST_FILE = SignUp/Info.plist;
				LD_RUNPATH_SEARCH_PATHS = "$(inherited) @executable_path/Frameworks";
				PRODUCT_BUNDLE_IDENTIFIER = edu.ccsf.SignUp;
				PRODUCT_NAME = "$(TARGET_NAME)";
			};
			name = Release;
		};
		BCFF6AA01C6D8AEE00C8A823 /* Debug */ = {
			isa = XCBuildConfiguration;
			buildSettings = {
				BUNDLE_LOADER = "$(TEST_HOST)";
				INFOPLIST_FILE = SignUpTests/Info.plist;
				LD_RUNPATH_SEARCH_PATHS = "$(inherited) @executable_path/Frameworks @loader_path/Frameworks";
				PRODUCT_BUNDLE_IDENTIFIER = edu.ccsf.SignUpTests;
				PRODUCT_NAME = "$(TARGET_NAME)";
				TEST_HOST = "$(BUILT_PRODUCTS_DIR)/SignUp.app/SignUp";
			};
			name = Debug;
		};
		BCFF6AA11C6D8AEE00C8A823 /* Release */ = {
			isa = XCBuildConfiguration;
			buildSettings = {
				BUNDLE_LOADER = "$(TEST_HOST)";
				INFOPLIST_FILE = SignUpTests/Info.plist;
				LD_RUNPATH_SEARCH_PATHS = "$(inherited) @executable_path/Frameworks @loader_path/Frameworks";
				PRODUCT_BUNDLE_IDENTIFIER = edu.ccsf.SignUpTests;
				PRODUCT_NAME = "$(TARGET_NAME)";
				TEST_HOST = "$(BUILT_PRODUCTS_DIR)/SignUp.app/SignUp";
			};
			name = Release;
		};
		BCFF6AA31C6D8AEE00C8A823 /* Debug */ = {
			isa = XCBuildConfiguration;
			buildSettings = {
				INFOPLIST_FILE = SignUpUITests/Info.plist;
				LD_RUNPATH_SEARCH_PATHS = "$(inherited) @executable_path/Frameworks @loader_path/Frameworks";
				PRODUCT_BUNDLE_IDENTIFIER = edu.ccsf.SignUpUITests;
				PRODUCT_NAME = "$(TARGET_NAME)";
				TEST_TARGET_NAME = SignUp;
				USES_XCTRUNNER = YES;
			};
			name = Debug;
		};
		BCFF6AA41C6D8AEE00C8A823 /* Release */ = {
			isa = XCBuildConfiguration;
			buildSettings = {
				INFOPLIST_FILE = SignUpUITests/Info.plist;
				LD_RUNPATH_SEARCH_PATHS = "$(inherited) @executable_path/Frameworks @loader_path/Frameworks";
				PRODUCT_BUNDLE_IDENTIFIER = edu.ccsf.SignUpUITests;
				PRODUCT_NAME = "$(TARGET_NAME)";
				TEST_TARGET_NAME = SignUp;
				USES_XCTRUNNER = YES;
			};
			name = Release;
		};
/* End XCBuildConfiguration section */

/* Begin XCConfigurationList section */
		BCFF6A6F1C6D8AEE00C8A823 /* Build configuration list for PBXProject "SignUp" */ = {
			isa = XCConfigurationList;
			buildConfigurations = (
				BCFF6A9A1C6D8AEE00C8A823 /* Debug */,
				BCFF6A9B1C6D8AEE00C8A823 /* Release */,
			);
			defaultConfigurationIsVisible = 0;
			defaultConfigurationName = Release;
		};
		BCFF6A9C1C6D8AEE00C8A823 /* Build configuration list for PBXNativeTarget "SignUp" */ = {
			isa = XCConfigurationList;
			buildConfigurations = (
				BCFF6A9D1C6D8AEE00C8A823 /* Debug */,
				BCFF6A9E1C6D8AEE00C8A823 /* Release */,
			);
			defaultConfigurationIsVisible = 0;
		};
		BCFF6A9F1C6D8AEE00C8A823 /* Build configuration list for PBXNativeTarget "SignUpTests" */ = {
			isa = XCConfigurationList;
			buildConfigurations = (
				BCFF6AA01C6D8AEE00C8A823 /* Debug */,
				BCFF6AA11C6D8AEE00C8A823 /* Release */,
			);
			defaultConfigurationIsVisible = 0;
		};
		BCFF6AA21C6D8AEE00C8A823 /* Build configuration list for PBXNativeTarget "SignUpUITests" */ = {
			isa = XCConfigurationList;
			buildConfigurations = (
				BCFF6AA31C6D8AEE00C8A823 /* Debug */,
				BCFF6AA41C6D8AEE00C8A823 /* Release */,
			);
			defaultConfigurationIsVisible = 0;
		};
/* End XCConfigurationList section */
	};
	rootObject = BCFF6A6C1C6D8AEE00C8A823 /* Project object */;
}
